
Microsoft Visual Studio Solution File, Format Version 12.00
# Visual Studio Version 17
VisualStudioVersion = 17.7.34202.233
MinimumVisualStudioVersion = 10.0.40219.1
Project("{FAE04EC0-301F-11D3-BF4B-00C04F79EFBC}") = "Test01-Hello", "Test01-Hello.csproj", "{955168EE-5904-48F8-8669-B6446CCAC66E}"
EndProject
Global
	GlobalSection(SolutionConfigurationPlatforms) = preSolution
		Debug|Any CPU = Debug|Any CPU
		Release|Any CPU = Release|Any CPU
	EndGlobalSection
	GlobalSection(ProjectConfigurationPlatforms) = postSolution
		{955168EE-5904-48F8-8669-B6446CCAC66E}.Debug|Any CPU.ActiveCfg = Debug|Any CPU
		{955168EE-5904-48F8-8669-B6446CCAC66E}.Debug|Any CPU.Build.0 = Debug|Any CPU
		{955168EE-5904-48F8-8669-B6446CCAC66E}.Release|Any CPU.ActiveCfg = Release|Any CPU
		{955168EE-5904-48F8-8669-B6446CCAC66E}.Release|Any CPU.Build.0 = Release|Any CPU
	EndGlobalSection
	GlobalSection(SolutionProperties) = preSolution
		HideSolutionNode = FALSE
	EndGlobalSection
	GlobalSection(ExtensibilityGlobals) = postSolution
		SolutionGuid = {E96CB021-4BC1-4661-A0A0-93F72DF13F54}
	EndGlobalSection
EndGlobal
